{
  "name": "yash",
  "version": "1.0.0",
  "lockfileVersion": 3,
  "requires": true,
  "packages": {
    "": {
      "name": "yash",
      "version": "1.0.0",
      "license": "ISC",
      "dependencies": {
        "silly-animal": "^1.1.1"
      }
    },
    "node_modules/silly-animal": {
      "version": "1.1.1",
      "resolved": "https://registry.npmjs.org/silly-animal/-/silly-animal-1.1.1.tgz",
      "integrity": "sha512-H7Euh6eUIFMS4+DcwXdSsxMkwmkuLIB+qCTHY3/qRsTYkNW85iY36/iPAy1EGpOhcITvfH+sF1K1R/01u+pbfA=="
    }
  }
}
